github.com/NeverlandMJ/bank v1.0.0 h1:xyeW00GxzNkpsWXdhaSZC+darj8ni2u3N/thXP4WO7g=
github.com/NeverlandMJ/bank v1.0.0/go.mod h1:IHmdj+MTK6/aTikbFTwJD1nM/v5wODWjh1GSPDs8y34=
github.com/NeverlandMJ/bank/v2 v2.0.0 h1:xfEiHtaygJf6WC2jf7aMZBlU2dM3ab48sdmEw/ux6B4=
github.com/NeverlandMJ/bank/v2 v2.0.0/go.mod h1:W8eVVehAFmhHenlVbYSU0JucnsCVR1puvDhNLT2RWEY=
